
Microsoft Visual Studio Solution File, Format Version 12.00
# Visual Studio Version 16
VisualStudioVersion = 16.0.31129.286
MinimumVisualStudioVersion = 10.0.40219.1
Project("{FAE04EC0-301F-11D3-BF4B-00C04F79EFBC}") = "HBMTimecycEditor", "HBMTimecycEditor\HBMTimecycEditor.csproj", "{86BBD8FD-982B-4EAA-9143-9F0A60343B0E}"
EndProject
Global
	GlobalSection(SolutionConfigurationPlatforms) = preSolution
		Debug|Any CPU = Debug|Any CPU
		Release|Any CPU = Release|Any CPU
	EndGlobalSection
	GlobalSection(ProjectConfigurationPlatforms) = postSolution
		{86BBD8FD-982B-4EAA-9143-9F0A60343B0E}.Debug|Any CPU.ActiveCfg = Debug|Any CPU
		{86BBD8FD-982B-4EAA-9143-9F0A60343B0E}.Debug|Any CPU.Build.0 = Debug|Any CPU
		{86BBD8FD-982B-4EAA-9143-9F0A60343B0E}.Release|Any CPU.ActiveCfg = Release|Any CPU
		{86BBD8FD-982B-4EAA-9143-9F0A60343B0E}.Release|Any CPU.Build.0 = Release|Any CPU
	EndGlobalSection
	GlobalSection(SolutionProperties) = preSolution
		HideSolutionNode = FALSE
	EndGlobalSection
	GlobalSection(ExtensibilityGlobals) = postSolution
		SolutionGuid = {94A1AF96-B459-4911-AFD4-1FB9492181B4}
	EndGlobalSection
EndGlobal
